
Microsoft Visual Studio Solution File, Format Version 12.00
# Visual Studio Version 17
VisualStudioVersion = 17.4.33110.190
MinimumVisualStudioVersion = 10.0.40219.1
Project("{2150E333-8FDC-42A3-9474-1A3956D46DE8}") = "Solution Items", "Solution Items", "{310C3B9A-93C4-4F8F-B9ED-8737DF0E508C}"
	ProjectSection(SolutionItems) = preProject
		.editorconfig = .editorconfig
		Sources.Net6\Directory.Build.props = Sources.Net6\Directory.Build.props
	EndProjectSection
EndProject
Project("{2150E333-8FDC-42A3-9474-1A3956D46DE8}") = "Sources.Net462", "Sources.Net462", "{40438568-E5E2-421C-AEBA-625A1C22DF43}"
EndProject
Project("{2150E333-8FDC-42A3-9474-1A3956D46DE8}") = "Sources", "Sources", "{FAF77276-88C8-4438-88EC-9690DA1C7925}"
EndProject
Project("{2150E333-8FDC-42A3-9474-1A3956D46DE8}") = "Samples", "Samples", "{925D4FE4-4705-4947-B584-C2E3E203F548}"
EndProject
Project("{9A19103F-16F7-4668-BE54-9A1E7A4F7556}") = "NpgsqlSample01", "Samples\NpgsqlSample01\NpgsqlSample01.csproj", "{558647CE-0435-4A1C-A7B1-8DBC7FEDEF59}"
EndProject
Project("{2150E333-8FDC-42A3-9474-1A3956D46DE8}") = "Tests", "Tests", "{AFE0B887-2A93-44A6-BD52-74FB5F403774}"
EndProject
Project("{9A19103F-16F7-4668-BE54-9A1E7A4F7556}") = "NpgsqlSample01Tests", "Tests\NpgsqlSample01Tests\NpgsqlSample01Tests.csproj", "{C2CE89E8-23F9-47F9-B6C7-711939B18492}"
EndProject
Project("{FAE04EC0-301F-11D3-BF4B-00C04F79EFBC}") = "OrmTxcSql", "Sources.Net462\OrmTxcSql\OrmTxcSql.csproj", "{2B5C226B-A4D2-4EFA-8FE2-C2550E9FB6FB}"
EndProject
Project("{FAE04EC0-301F-11D3-BF4B-00C04F79EFBC}") = "OrmTxcSql.DB2", "Sources.Net462\OrmTxcSql.DB2\OrmTxcSql.DB2.csproj", "{23865A3D-687B-43DF-9AC9-CD7C54460CC3}"
EndProject
Project("{FAE04EC0-301F-11D3-BF4B-00C04F79EFBC}") = "OrmTxcSql.Npgsql", "Sources.Net462\OrmTxcSql.Npgsql\OrmTxcSql.Npgsql.csproj", "{08BCAF99-94B0-40F6-81D5-E0461CCE2493}"
EndProject
Project("{FAE04EC0-301F-11D3-BF4B-00C04F79EFBC}") = "OrmTxcSql.SqlClient", "Sources.Net462\OrmTxcSql.SqlClient\OrmTxcSql.SqlClient.csproj", "{2B546599-CD3A-4452-80E5-3904CB0352BE}"
EndProject
Project("{9A19103F-16F7-4668-BE54-9A1E7A4F7556}") = "OrmTxcSql", "Sources\OrmTxcSql\OrmTxcSql.csproj", "{6700F82F-45EF-4889-A29A-A05865097BEF}"
EndProject
Project("{9A19103F-16F7-4668-BE54-9A1E7A4F7556}") = "OrmTxcSql.Npgsql", "Sources\OrmTxcSql.Npgsql\OrmTxcSql.Npgsql.csproj", "{1C34A1DD-5410-4EFB-BB2B-0B8FEF8183DE}"
EndProject
Project("{9A19103F-16F7-4668-BE54-9A1E7A4F7556}") = "OrmTxcSql.SqlClient", "Sources\OrmTxcSql.SqlClient\OrmTxcSql.SqlClient.csproj", "{26FA73C7-21C7-4490-8530-03681B9A1890}"
EndProject
Project("{9A19103F-16F7-4668-BE54-9A1E7A4F7556}") = "OrmTxcSqlTests", "Tests\OrmTxcSqlTests\OrmTxcSqlTests.csproj", "{9C3832EF-0180-4D5D-BA07-AFBA9F3EE8D3}"
EndProject
Project("{9A19103F-16F7-4668-BE54-9A1E7A4F7556}") = "OrmTxcSql.DB2", "Sources\OrmTxcSql.DB2\OrmTxcSql.DB2.csproj", "{086C7EA4-A39A-46EB-8D89-658909E97628}"
EndProject
Project("{9A19103F-16F7-4668-BE54-9A1E7A4F7556}") = "SqlSample01", "Samples\SqlSample01\SqlSample01.csproj", "{0E97C2C0-CC63-4C87-905E-50574C7A3EB1}"
EndProject
Project("{D954291E-2A0B-460D-934E-DC6B0785DB48}") = "Tests.Shared", "Tests\Tests.Shared\Tests.Shared.shproj", "{01CB5C70-B73A-4368-A9FD-662954997D0D}"
EndProject
Project("{9A19103F-16F7-4668-BE54-9A1E7A4F7556}") = "SqlSample01Tests", "Tests\SqlSample01Tests\SqlSample01Tests.csproj", "{CD279D6B-406F-49A5-94F8-C7AA2081FC50}"
EndProject
Global
	GlobalSection(SolutionConfigurationPlatforms) = preSolution
		Debug|Any CPU = Debug|Any CPU
		Release|Any CPU = Release|Any CPU
	EndGlobalSection
	GlobalSection(ProjectConfigurationPlatforms) = postSolution
		{558647CE-0435-4A1C-A7B1-8DBC7FEDEF59}.Debug|Any CPU.ActiveCfg = Debug|Any CPU
		{558647CE-0435-4A1C-A7B1-8DBC7FEDEF59}.Debug|Any CPU.Build.0 = Debug|Any CPU
		{558647CE-0435-4A1C-A7B1-8DBC7FEDEF59}.Release|Any CPU.ActiveCfg = Release|Any CPU
		{558647CE-0435-4A1C-A7B1-8DBC7FEDEF59}.Release|Any CPU.Build.0 = Release|Any CPU
		{C2CE89E8-23F9-47F9-B6C7-711939B18492}.Debug|Any CPU.ActiveCfg = Debug|Any CPU
		{C2CE89E8-23F9-47F9-B6C7-711939B18492}.Debug|Any CPU.Build.0 = Debug|Any CPU
		{C2CE89E8-23F9-47F9-B6C7-711939B18492}.Release|Any CPU.ActiveCfg = Release|Any CPU
		{C2CE89E8-23F9-47F9-B6C7-711939B18492}.Release|Any CPU.Build.0 = Release|Any CPU
		{2B5C226B-A4D2-4EFA-8FE2-C2550E9FB6FB}.Debug|Any CPU.ActiveCfg = Debug|Any CPU
		{2B5C226B-A4D2-4EFA-8FE2-C2550E9FB6FB}.Debug|Any CPU.Build.0 = Debug|Any CPU
		{2B5C226B-A4D2-4EFA-8FE2-C2550E9FB6FB}.Release|Any CPU.ActiveCfg = Release|Any CPU
		{2B5C226B-A4D2-4EFA-8FE2-C2550E9FB6FB}.Release|Any CPU.Build.0 = Release|Any CPU
		{23865A3D-687B-43DF-9AC9-CD7C54460CC3}.Debug|Any CPU.ActiveCfg = Debug|Any CPU
		{23865A3D-687B-43DF-9AC9-CD7C54460CC3}.Debug|Any CPU.Build.0 = Debug|Any CPU
		{23865A3D-687B-43DF-9AC9-CD7C54460CC3}.Release|Any CPU.ActiveCfg = Release|Any CPU
		{23865A3D-687B-43DF-9AC9-CD7C54460CC3}.Release|Any CPU.Build.0 = Release|Any CPU
		{08BCAF99-94B0-40F6-81D5-E0461CCE2493}.Debug|Any CPU.ActiveCfg = Debug|Any CPU
		{08BCAF99-94B0-40F6-81D5-E0461CCE2493}.Debug|Any CPU.Build.0 = Debug|Any CPU
		{08BCAF99-94B0-40F6-81D5-E0461CCE2493}.Release|Any CPU.ActiveCfg = Release|Any CPU
		{08BCAF99-94B0-40F6-81D5-E0461CCE2493}.Release|Any CPU.Build.0 = Release|Any CPU
		{2B546599-CD3A-4452-80E5-3904CB0352BE}.Debug|Any CPU.ActiveCfg = Debug|Any CPU
		{2B546599-CD3A-4452-80E5-3904CB0352BE}.Debug|Any CPU.Build.0 = Debug|Any CPU
		{2B546599-CD3A-4452-80E5-3904CB0352BE}.Release|Any CPU.ActiveCfg = Release|Any CPU
		{2B546599-CD3A-4452-80E5-3904CB0352BE}.Release|Any CPU.Build.0 = Release|Any CPU
		{6700F82F-45EF-4889-A29A-A05865097BEF}.Debug|Any CPU.ActiveCfg = Debug|Any CPU
		{6700F82F-45EF-4889-A29A-A05865097BEF}.Debug|Any CPU.Build.0 = Debug|Any CPU
		{6700F82F-45EF-4889-A29A-A05865097BEF}.Release|Any CPU.ActiveCfg = Release|Any CPU
		{6700F82F-45EF-4889-A29A-A05865097BEF}.Release|Any CPU.Build.0 = Release|Any CPU
		{1C34A1DD-5410-4EFB-BB2B-0B8FEF8183DE}.Debug|Any CPU.ActiveCfg = Debug|Any CPU
		{1C34A1DD-5410-4EFB-BB2B-0B8FEF8183DE}.Debug|Any CPU.Build.0 = Debug|Any CPU
		{1C34A1DD-5410-4EFB-BB2B-0B8FEF8183DE}.Release|Any CPU.ActiveCfg = Release|Any CPU
		{1C34A1DD-5410-4EFB-BB2B-0B8FEF8183DE}.Release|Any CPU.Build.0 = Release|Any CPU
		{26FA73C7-21C7-4490-8530-03681B9A1890}.Debug|Any CPU.ActiveCfg = Debug|Any CPU
		{26FA73C7-21C7-4490-8530-03681B9A1890}.Debug|Any CPU.Build.0 = Debug|Any CPU
		{26FA73C7-21C7-4490-8530-03681B9A1890}.Release|Any CPU.ActiveCfg = Release|Any CPU
		{26FA73C7-21C7-4490-8530-03681B9A1890}.Release|Any CPU.Build.0 = Release|Any CPU
		{9C3832EF-0180-4D5D-BA07-AFBA9F3EE8D3}.Debug|Any CPU.ActiveCfg = Debug|Any CPU
		{9C3832EF-0180-4D5D-BA07-AFBA9F3EE8D3}.Debug|Any CPU.Build.0 = Debug|Any CPU
		{9C3832EF-0180-4D5D-BA07-AFBA9F3EE8D3}.Release|Any CPU.ActiveCfg = Release|Any CPU
		{9C3832EF-0180-4D5D-BA07-AFBA9F3EE8D3}.Release|Any CPU.Build.0 = Release|Any CPU
		{086C7EA4-A39A-46EB-8D89-658909E97628}.Debug|Any CPU.ActiveCfg = Debug|Any CPU
		{086C7EA4-A39A-46EB-8D89-658909E97628}.Debug|Any CPU.Build.0 = Debug|Any CPU
		{086C7EA4-A39A-46EB-8D89-658909E97628}.Release|Any CPU.ActiveCfg = Release|Any CPU
		{086C7EA4-A39A-46EB-8D89-658909E97628}.Release|Any CPU.Build.0 = Release|Any CPU
		{0E97C2C0-CC63-4C87-905E-50574C7A3EB1}.Debug|Any CPU.ActiveCfg = Debug|Any CPU
		{0E97C2C0-CC63-4C87-905E-50574C7A3EB1}.Debug|Any CPU.Build.0 = Debug|Any CPU
		{0E97C2C0-CC63-4C87-905E-50574C7A3EB1}.Release|Any CPU.ActiveCfg = Release|Any CPU
		{0E97C2C0-CC63-4C87-905E-50574C7A3EB1}.Release|Any CPU.Build.0 = Release|Any CPU
		{CD279D6B-406F-49A5-94F8-C7AA2081FC50}.Debug|Any CPU.ActiveCfg = Debug|Any CPU
		{CD279D6B-406F-49A5-94F8-C7AA2081FC50}.Debug|Any CPU.Build.0 = Debug|Any CPU
		{CD279D6B-406F-49A5-94F8-C7AA2081FC50}.Release|Any CPU.ActiveCfg = Release|Any CPU
		{CD279D6B-406F-49A5-94F8-C7AA2081FC50}.Release|Any CPU.Build.0 = Release|Any CPU
	EndGlobalSection
	GlobalSection(SolutionProperties) = preSolution
		HideSolutionNode = FALSE
	EndGlobalSection
	GlobalSection(NestedProjects) = preSolution
		{558647CE-0435-4A1C-A7B1-8DBC7FEDEF59} = {925D4FE4-4705-4947-B584-C2E3E203F548}
		{C2CE89E8-23F9-47F9-B6C7-711939B18492} = {AFE0B887-2A93-44A6-BD52-74FB5F403774}
		{2B5C226B-A4D2-4EFA-8FE2-C2550E9FB6FB} = {40438568-E5E2-421C-AEBA-625A1C22DF43}
		{23865A3D-687B-43DF-9AC9-CD7C54460CC3} = {40438568-E5E2-421C-AEBA-625A1C22DF43}
		{08BCAF99-94B0-40F6-81D5-E0461CCE2493} = {40438568-E5E2-421C-AEBA-625A1C22DF43}
		{2B546599-CD3A-4452-80E5-3904CB0352BE} = {40438568-E5E2-421C-AEBA-625A1C22DF43}
		{6700F82F-45EF-4889-A29A-A05865097BEF} = {FAF77276-88C8-4438-88EC-9690DA1C7925}
		{1C34A1DD-5410-4EFB-BB2B-0B8FEF8183DE} = {FAF77276-88C8-4438-88EC-9690DA1C7925}
		{26FA73C7-21C7-4490-8530-03681B9A1890} = {FAF77276-88C8-4438-88EC-9690DA1C7925}
		{9C3832EF-0180-4D5D-BA07-AFBA9F3EE8D3} = {AFE0B887-2A93-44A6-BD52-74FB5F403774}
		{086C7EA4-A39A-46EB-8D89-658909E97628} = {FAF77276-88C8-4438-88EC-9690DA1C7925}
		{0E97C2C0-CC63-4C87-905E-50574C7A3EB1} = {925D4FE4-4705-4947-B584-C2E3E203F548}
		{01CB5C70-B73A-4368-A9FD-662954997D0D} = {AFE0B887-2A93-44A6-BD52-74FB5F403774}
		{CD279D6B-406F-49A5-94F8-C7AA2081FC50} = {AFE0B887-2A93-44A6-BD52-74FB5F403774}
	EndGlobalSection
	GlobalSection(ExtensibilityGlobals) = postSolution
		SolutionGuid = {F1B432B9-F378-4E02-9331-85D7F99D3B4C}
	EndGlobalSection
	GlobalSection(SharedMSBuildProjectFiles) = preSolution
		Tests\Tests.Shared\Tests.Shared.projitems*{01cb5c70-b73a-4368-a9fd-662954997d0d}*SharedItemsImports = 13
		Tests\Tests.Shared\Tests.Shared.projitems*{c2ce89e8-23f9-47f9-b6c7-711939b18492}*SharedItemsImports = 5
		Tests\Tests.Shared\Tests.Shared.projitems*{cd279d6b-406f-49a5-94f8-c7aa2081fc50}*SharedItemsImports = 5
	EndGlobalSection
EndGlobal
